Microsoft Visual Studio Solution File, Format Version 9.00
# SharpDevelop 2.0.0.1135
Project("{FAE04EC0-301F-11D3-BF4B-00C04F79EFBC}") = "Cobble", "Cobble.csproj", "{EBB3DB0D-657E-494E-956F-C6CEFF76566B}"
EndProject
Global
	GlobalSection(SolutionConfigurationPlatforms) = preSolution
		Debug|Any CPU = Debug|Any CPU
		Release|Any CPU = Release|Any CPU
	EndGlobalSection
	GlobalSection(ProjectConfigurationPlatforms) = postSolution
		{EBB3DB0D-657E-494E-956F-C6CEFF76566B}.Debug|Any CPU.Build.0 = Debug|Any CPU
		{EBB3DB0D-657E-494E-956F-C6CEFF76566B}.Debug|Any CPU.ActiveCfg = Debug|Any CPU
		{EBB3DB0D-657E-494E-956F-C6CEFF76566B}.Release|Any CPU.Build.0 = Release|Any CPU
		{EBB3DB0D-657E-494E-956F-C6CEFF76566B}.Release|Any CPU.ActiveCfg = Release|Any CPU
		{8AAE270E-C44D-4E20-A9B5-CA5DA59111F5}.Debug|Any CPU.Build.0 = Debug|Any CPU
		{8AAE270E-C44D-4E20-A9B5-CA5DA59111F5}.Debug|Any CPU.ActiveCfg = Debug|Any CPU
		{8AAE270E-C44D-4E20-A9B5-CA5DA59111F5}.Release|Any CPU.Build.0 = Release|Any CPU
		{8AAE270E-C44D-4E20-A9B5-CA5DA59111F5}.Release|Any CPU.ActiveCfg = Release|Any CPU
	EndGlobalSection
EndGlobal
